PODS:
  - Flutter (1.0.0)
  - flutter_local_notifications (0.0.1):
    - Flutter
  - integration_test (0.0.1):
    - Flutter
  - screen_launch_by_notfication (0.0.1):
    - Flutter

DEPENDENCIES:
  - Flutter (from `Flutter`)
  - flutter_local_notifications (from `.symlinks/plugins/flutter_local_notifications/ios`)
  - integration_test (from `.symlinks/plugins/integration_test/ios`)
  - screen_launch_by_notfication (from `.symlinks/plugins/screen_launch_by_notfication/ios`)

EXTERNAL SOURCES:
  Flutter:
    :path: Flutter
  flutter_local_notifications:
    :path: ".symlinks/plugins/flutter_local_notifications/ios"
  integration_test:
    :path: ".symlinks/plugins/integration_test/ios"
  screen_launch_by_notfication:
    :path: ".symlinks/plugins/screen_launch_by_notfication/ios"

SPEC CHECKSUMS:
  Flutter: cabc95a1d2626b1b06e7179b784ebcf0c0cde467
  flutter_local_notifications: a5a732f069baa862e728d839dd2ebb904737effb
  integration_test: 4a889634ef21a45d28d50d622cf412dc6d9f586e
  screen_launch_by_notfication: e581f797dcd1bcc326092021ea0165064097187f

PODFILE CHECKSUM: 3c63482e143d1b91d2d2560aee9fb04ecc74ac7e

COCOAPODS: 1.16.2
